
Microsoft Visual Studio Solution File, Format Version 12.00
# Visual Studio 15
VisualStudioVersion = 15.0.28307.421
MinimumVisualStudioVersion = 10.0.40219.1
Project("{FAE04EC0-301F-11D3-BF4B-00C04F79EFBC}") = "And.Eticaret.UI.WEB", "And.Eticaret.UI.WEB\And.Eticaret.UI.WEB.csproj", "{A4C52024-62E7-4318-BAE4-11BACE8245F6}"
EndProject
Project("{FAE04EC0-301F-11D3-BF4B-00C04F79EFBC}") = "And.Eticaret.Core.Model", "And.Eticaret.Core.Model\And.Eticaret.Core.Model.csproj", "{4E522C66-51C4-4394-92EC-3EA3106772C7}"
EndProject
Project("{2150E333-8FDC-42A3-9474-1A3956D46DE8}") = "Solution Items", "Solution Items", "{916D9AD0-54AE-4463-9BA1-F5553352E9D7}"
	ProjectSection(SolutionItems) = preProject
		Readme.txt = Readme.txt
	EndProjectSection
EndProject
Global
	GlobalSection(SolutionConfigurationPlatforms) = preSolution
		Debug|Any CPU = Debug|Any CPU
		Release|Any CPU = Release|Any CPU
	EndGlobalSection
	GlobalSection(ProjectConfigurationPlatforms) = postSolution
		{A4C52024-62E7-4318-BAE4-11BACE8245F6}.Debug|Any CPU.ActiveCfg = Debug|Any CPU
		{A4C52024-62E7-4318-BAE4-11BACE8245F6}.Debug|Any CPU.Build.0 = Debug|Any CPU
		{A4C52024-62E7-4318-BAE4-11BACE8245F6}.Release|Any CPU.ActiveCfg = Release|Any CPU
		{A4C52024-62E7-4318-BAE4-11BACE8245F6}.Release|Any CPU.Build.0 = Release|Any CPU
		{4E522C66-51C4-4394-92EC-3EA3106772C7}.Debug|Any CPU.ActiveCfg = Debug|Any CPU
		{4E522C66-51C4-4394-92EC-3EA3106772C7}.Debug|Any CPU.Build.0 = Debug|Any CPU
		{4E522C66-51C4-4394-92EC-3EA3106772C7}.Release|Any CPU.ActiveCfg = Release|Any CPU
		{4E522C66-51C4-4394-92EC-3EA3106772C7}.Release|Any CPU.Build.0 = Release|Any CPU
	EndGlobalSection
	GlobalSection(SolutionProperties) = preSolution
		HideSolutionNode = FALSE
	EndGlobalSection
	GlobalSection(ExtensibilityGlobals) = postSolution
		SolutionGuid = {D28DDBAD-3474-4287-A0C2-ABCC26ABBE52}
	EndGlobalSection
EndGlobal
